github.com/benhoyt/goawk v1.25.0 h1:DW4DCn2IrVp6FUar2W404G1YyQDXseWAVDwb11PUL+I=
github.com/benhoyt/goawk v1.25.0/go.mod h1:FjIAicXvrv3wbqAhSTo5bn4mIM5y1iy3lcnIynlJvoI=
github.com/davecgh/go-spew v1.1.0/go.mod h1:J7Y8YcW2NihsgmVo/mv3lAwl/skON4iLHjSsI+c5H38=
github.com/dominikbraun/graph v0.23.0 h1:TdZB4pPqCLFxYhdyMFb1TBdFxp8XLcJfTTBQucVPgCo=
github.com/dominikbraun/graph v0.23.0/go.mod h1:yOjYyogZLY1LSG9E33JWZJiq5k83Qy2C6POAuiViluc=
github.com/pion/randutil v0.1.0 h1:CFG1UdESneORglEsnimhUjf33Rwjubwj6xfiOXBa3mA=
github.com/pion/randutil v0.1.0/go.mod h1:XcJrSMMbbMRhASFVOlj/5hQial/Y8oH/HVo7TBZq+j8=
github.com/pion/sdp/v2 v2.4.0 h1:luUtaETR5x2KNNpvEMv/r4Y+/kzImzbz4Lm1z8eQNQI=
github.com/pion/sdp/v2 v2.4.0/go.mod h1:L2LxrOpSTJbAns244vfPChbciR/ReU1KWfG04OpkR7E=
github.com/pmezard/go-difflib v1.0.0/go.mod h1:iKH77koFhYxTK1pcRnkKkqfTogsbg7gZNVY4sRDYZ/4=
github.com/stretchr/objx v0.1.0/go.mod h1:HFkY916IF+rwdDfMAkV7OtwuqBVzrE8GR6GFx+wExME=
github.com/stretchr/testify v1.6.1/go.mod h1:6Fq8oRcR53rry900zMqJjRRixrwX3KX962/h/Wwjteg=
github.com/vansante/go-ffprobe v1.1.0 h1:Tz5X+38tF8YYEFVz+PUTrtvlED35IorB7XI0USOqZWU=
github.com/vansante/go-ffprobe v1.1.0/go.mod h1:AEIxsTWYTTeXpel90yu5J/QxuDWNaKCO50xRBN4rdac=
gopkg.in/check.v1 v0.0.0-20161208181325-20d25e280405/go.mod h1:Co6ibVJAznAaIkqp8huTwlJQCZ016jof/cbN4VW5Yz0=
gopkg.in/yaml.v3 v3.0.0-20200313102051-9f266ea9e77c/go.mod h1:K4uyk7z7BCEPqu6E+C64Yfv1cQ7kz7rIZviUmN+EgEM=
